// !$*UTF8*$!
{
	archiveVersion = 1;
	classes = {
	};
	objectVersion = 50;
	objects = {

/* Begin PBXBuildFile section */
		DA29462F26D662160087704F /* CategoryTableViewController.swift in Sources */ = {isa = PBXBuildFile; fileRef = DA29462E26D662160087704F /* CategoryTableViewController.swift */; };
		DA9F4AF526BAD97500B42598 /* AppDelegate.swift in Sources */ = {isa = PBXBuildFile; fileRef = DA9F4AF426BAD97500B42598 /* AppDelegate.swift */; };
		DA9F4AF726BAD97500B42598 /* SceneDelegate.swift in Sources */ = {isa = PBXBuildFile; fileRef = DA9F4AF626BAD97500B42598 /* SceneDelegate.swift */; };
		DA9F4AF926BAD97500B42598 /* TodoListViewController.swift in Sources */ = {isa = PBXBuildFile; fileRef = DA9F4AF826BAD97500B42598 /* TodoListViewController.swift */; };
		DA9F4AFC26BAD97500B42598 /* Main.storyboard in Resources */ = {isa = PBXBuildFile; fileRef = DA9F4AFA26BAD97500B42598 /* Main.storyboard */; };
		DA9F4AFE26BAD97600B42598 /* Assets.xcassets in Resources */ = {isa = PBXBuildFile; fileRef = DA9F4AFD26BAD97600B42598 /* Assets.xcassets */; };
		DA9F4B0126BAD97600B42598 /* LaunchScreen.storyboard in Resources */ = {isa = PBXBuildFile; fileRef = DA9F4AFF26BAD97600B42598 /* LaunchScreen.storyboard */; };
		DACB9B4026C179E6005249D8 /* DataModel.xcdatamodeld in Sources */ = {isa = PBXBuildFile; fileRef = DACB9B3E26C179E6005249D8 /* DataModel.xcdatamodeld */; };
/* End PBXBuildFile section */

/* Begin PBXFileReference section */
		DA29462E26D662160087704F /* CategoryTableViewController.swift */ = {isa = PBXFileReference; lastKnownFileType = sourcecode.swift; path = CategoryTableViewController.swift; sourceTree = "<group>"; };
		DA9F4AF126BAD97500B42598 /* Todeuy.app */ = {isa = PBXFileReference; explicitFileType = wrapper.application; includeInIndex = 0; path = Todeuy.app; sourceTree = BUILT_PRODUCTS_DIR; };
		DA9F4AF426BAD97500B42598 /* AppDelegate.swift */ = {isa = PBXFileReference; lastKnownFileType = sourcecode.swift; path = AppDelegate.swift; sourceTree = "<group>"; };
		DA9F4AF626BAD97500B42598 /* SceneDelegate.swift */ = {isa = PBXFileReference; lastKnownFileType = sourcecode.swift; path = SceneDelegate.swift; sourceTree = "<group>"; };
		DA9F4AF826BAD97500B42598 /* TodoListViewController.swift */ = {isa = PBXFileReference; lastKnownFileType = sourcecode.swift; path = TodoListViewController.swift; sourceTree = "<group>"; };
		DA9F4AFB26BAD97500B42598 /* Base */ = {isa = PBXFileReference; lastKnownFileType = file.storyboard; name = Base; path = Base.lproj/Main.storyboard; sourceTree = "<group>"; };
		DA9F4AFD26BAD97600B42598 /* Assets.xcassets */ = {isa = PBXFileReference; lastKnownFileType = folder.assetcatalog; path = Assets.xcassets; sourceTree = "<group>"; };
		DA9F4B0026BAD97600B42598 /* Base */ = {isa = PBXFileReference; lastKnownFileType = file.storyboard; name = Base; path = Base.lproj/LaunchScreen.storyboard; sourceTree = "<group>"; };
		DA9F4B0226BAD97600B42598 /* Info.plist */ = {isa = PBXFileReference; lastKnownFileType = text.plist.xml; path = Info.plist; sourceTree = "<group>"; };
		DACB9B3F26C179E6005249D8 /* DataModel.xcdatamodel */ = {isa = PBXFileReference; lastKnownFileType = wrapper.xcdatamodel; path = DataModel.xcdatamodel; sourceTree = "<group>"; };
/* End PBXFileReference section */

/* Begin PBXFrameworksBuildPhase section */
		DA9F4AEE26BAD97500B42598 /* Frameworks */ = {
			isa = PBXFrameworksBuildPhase;
			buildActionMask = 2147483647;
			files = (
			);
			runOnlyForDeploymentPostprocessing = 0;
		};
/* End PBXFrameworksBuildPhase section */

/* Begin PBXGroup section */
		DA268B7326BBB8AF00E7B51D /* DataModel */ = {
			isa = PBXGroup;
			children = (
				DACB9B3E26C179E6005249D8 /* DataModel.xcdatamodeld */,
			);
			path = DataModel;
			sourceTree = "<group>";
		};
		DA268B7426BBB90C00E7B51D /* Resources */ = {
			isa = PBXGroup;
			children = (
				DA9F4AFD26BAD97600B42598 /* Assets.xcassets */,
				DA9F4AFF26BAD97600B42598 /* LaunchScreen.storyboard */,
			);
			path = Resources;
			sourceTree = "<group>";
		};
		DA268B7526BBB94E00E7B51D /* Controllers */ = {
			isa = PBXGroup;
			children = (
				DA29462E26D662160087704F /* CategoryTableViewController.swift */,
				DA9F4AF826BAD97500B42598 /* TodoListViewController.swift */,
			);
			path = Controllers;
			sourceTree = "<group>";
		};
		DA268B7626BBB96900E7B51D /* Views */ = {
			isa = PBXGroup;
			children = (
				DA9F4AFA26BAD97500B42598 /* Main.storyboard */,
			);
			path = Views;
			sourceTree = "<group>";
		};
		DA9F4AE826BAD97500B42598 = {
			isa = PBXGroup;
			children = (
				DA9F4AF326BAD97500B42598 /* Todeuy */,
				DA9F4AF226BAD97500B42598 /* Products */,
			);
			sourceTree = "<group>";
		};
		DA9F4AF226BAD97500B42598 /* Products */ = {
			isa = PBXGroup;
			children = (
				DA9F4AF126BAD97500B42598 /* Todeuy.app */,
			);
			name = Products;
			sourceTree = "<group>";
		};
		DA9F4AF326BAD97500B42598 /* Todeuy */ = {
			isa = PBXGroup;
			children = (
				DA9F4AF426BAD97500B42598 /* AppDelegate.swift */,
				DA9F4AF626BAD97500B42598 /* SceneDelegate.swift */,
				DA268B7326BBB8AF00E7B51D /* DataModel */,
				DA268B7526BBB94E00E7B51D /* Controllers */,
				DA268B7626BBB96900E7B51D /* Views */,
				DA268B7426BBB90C00E7B51D /* Resources */,
				DA9F4B0226BAD97600B42598 /* Info.plist */,
			);
			path = Todeuy;
			sourceTree = "<group>";
		};
/* End PBXGroup section */

/* Begin PBXNativeTarget section */
		DA9F4AF026BAD97500B42598 /* Todeuy */ = {
			isa = PBXNativeTarget;
			buildConfigurationList = DA9F4B0526BAD97600B42598 /* Build configuration list for PBXNativeTarget "Todeuy" */;
			buildPhases = (
				DA9F4AED26BAD97500B42598 /* Sources */,
				DA9F4AEE26BAD97500B42598 /* Frameworks */,
				DA9F4AEF26BAD97500B42598 /* Resources */,
			);
			buildRules = (
			);
			dependencies = (
			);
			name = Todeuy;
			productName = Todeuy;
			productReference = DA9F4AF126BAD97500B42598 /* Todeuy.app */;
			productType = "com.apple.product-type.application";
		};
/* End PBXNativeTarget section */

/* Begin PBXProject section */
		DA9F4AE926BAD97500B42598 /* Project object */ = {
			isa = PBXProject;
			attributes = {
				LastSwiftUpdateCheck = 1250;
				LastUpgradeCheck = 1250;
				TargetAttributes = {
					DA9F4AF026BAD97500B42598 = {
						CreatedOnToolsVersion = 12.5.1;
					};
				};
			};
			buildConfigurationList = DA9F4AEC26BAD97500B42598 /* Build configuration list for PBXProject "Todeuy" */;
			compatibilityVersion = "Xcode 9.3";
			developmentRegion = en;
			hasScannedForEncodings = 0;
			knownRegions = (
				en,
				Base,
			);
			mainGroup = DA9F4AE826BAD97500B42598;
			productRefGroup = DA9F4AF226BAD97500B42598 /* Products */;
			projectDirPath = "";
			projectRoot = "";
			targets = (
				DA9F4AF026BAD97500B42598 /* Todeuy */,
			);
		};
/* End PBXProject section */

/* Begin PBXResourcesBuildPhase section */
		DA9F4AEF26BAD97500B42598 /* Resources */ = {
			isa = PBXResourcesBuildPhase;
			buildActionMask = 2147483647;
			files = (
				DA9F4B0126BAD97600B42598 /* LaunchScreen.storyboard in Resources */,
				DA9F4AFE26BAD97600B42598 /* Assets.xcassets in Resources */,
				DA9F4AFC26BAD97500B42598 /* Main.storyboard in Resources */,
			);
			runOnlyForDeploymentPostprocessing = 0;
		};
/* End PBXResourcesBuildPhase section */

/* Begin PBXSourcesBuildPhase section */
		DA9F4AED26BAD97500B42598 /* Sources */ = {
			isa = PBXSourcesBuildPhase;
			buildActionMask = 2147483647;
			files = (
				DACB9B4026C179E6005249D8 /* DataModel.xcdatamodeld in Sources */,
				DA9F4AF926BAD97500B42598 /* TodoListViewController.swift in Sources */,
				DA29462F26D662160087704F /* CategoryTableViewController.swift in Sources */,
				DA9F4AF526BAD97500B42598 /* AppDelegate.swift in Sources */,
				DA9F4AF726BAD97500B42598 /* SceneDelegate.swift in Sources */,
			);
			runOnlyForDeploymentPostprocessing = 0;
		};
/* End PBXSourcesBuildPhase section */

/* Begin PBXVariantGroup section */
		DA9F4AFA26BAD97500B42598 /* Main.storyboard */ = {
			isa = PBXVariantGroup;
			children = (
				DA9F4AFB26BAD97500B42598 /* Base */,
			);
			name = Main.storyboard;
			sourceTree = "<group>";
		};
		DA9F4AFF26BAD97600B42598 /* LaunchScreen.storyboard */ = {
			isa = PBXVariantGroup;
			children = (
				DA9F4B0026BAD97600B42598 /* Base */,
			);
			name = LaunchScreen.storyboard;
			sourceTree = "<group>";
		};
/* End PBXVariantGroup section */

/* Begin XCBuildConfiguration section */
		DA9F4B0326BAD97600B42598 /* Debug */ = {
			isa = XCBuildConfiguration;
			buildSettings = {
				ALWAYS_SEARCH_USER_PATHS = NO;
				CLANG_ANALYZER_NONNULL = YES;
				CLANG_ANALYZER_NUMBER_OBJECT_CONVERSION = YES_AGGRESSIVE;
				CLANG_CXX_LANGUAGE_STANDARD = "gnu++14";
				CLANG_CXX_LIBRARY = "libc++";
				CLANG_ENABLE_MODULES = YES;
				CLANG_ENABLE_OBJC_ARC = YES;
				CLANG_ENABLE_OBJC_WEAK = YES;
				CLANG_WARN_BLOCK_CAPTURE_AUTORELEASING = YES;
				CLANG_WARN_BOOL_CONVERSION = YES;
				CLANG_WARN_COMMA = YES;
				CLANG_WARN_CONSTANT_CONVERSION = YES;
				CLANG_WARN_DEPRECATED_OBJC_IMPLEMENTATIONS = YES;
				CLANG_WARN_DIRECT_OBJC_ISA_USAGE = YES_ERROR;
				CLANG_WARN_DOCUMENTATION_COMMENTS = YES;
				CLANG_WARN_EMPTY_BODY = YES;
				CLANG_WARN_ENUM_CONVERSION = YES;
				CLANG_WARN_INFINITE_RECURSION = YES;
				CLANG_WARN_INT_CONVERSION = YES;
				CLANG_WARN_NON_LITERAL_NULL_CONVERSION = YES;
				CLANG_WARN_OBJC_IMPLICIT_RETAIN_SELF = YES;
				CLANG_WARN_OBJC_LITERAL_CONVERSION = YES;
				CLANG_WARN_OBJC_ROOT_CLASS = YES_ERROR;
				CLANG_WARN_QUOTED_INCLUDE_IN_FRAMEWORK_HEADER = YES;
				CLANG_WARN_RANGE_LOOP_ANALYSIS = YES;
				CLANG_WARN_STRICT_PROTOTYPES = YES;
				CLANG_WARN_SUSPICIOUS_MOVE = YES;
				CLANG_WARN_UNGUARDED_AVAILABILITY = YES_AGGRESSIVE;
				CLANG_WARN_UNREACHABLE_CODE = YES;
				CLANG_WARN__DUPLICATE_METHOD_MATCH = YES;
				COPY_PHASE_STRIP = NO;
				DEBUG_INFORMATION_FORMAT = dwarf;
				ENABLE_STRICT_OBJC_MSGSEND = YES;
				ENABLE_TESTABILITY = YES;
				GCC_C_LANGUAGE_STANDARD = gnu11;
				GCC_DYNAMIC_NO_PIC = NO;
				GCC_NO_COMMON_BLOCKS = YES;
				GCC_OPTIMIZATION_LEVEL = 0;
				GCC_PREPROCESSOR_DEFINITIONS = (
					"DEBUG=1",
					"$(inherited)",
				);
				GCC_WARN_64_TO_32_BIT_CONVERSION = YES;
				GCC_WARN_ABOUT_RETURN_TYPE = YES_ERROR;
				GCC_WARN_UNDECLARED_SELECTOR = YES;
				GCC_WARN_UNINITIALIZED_AUTOS = YES_AGGRESSIVE;
				GCC_WARN_UNUSED_FUNCTION = YES;
				GCC_WARN_UNUSED_VARIABLE = YES;
				IPHONEOS_DEPLOYMENT_TARGET = 14.5;
				MTL_ENABLE_DEBUG_INFO = INCLUDE_SOURCE;
				MTL_FAST_MATH = YES;
				ONLY_ACTIVE_ARCH = YES;
				SDKROOT = iphoneos;
				SWIFT_ACTIVE_COMPILATION_CONDITIONS = DEBUG;
				SWIFT_OPTIMIZATION_LEVEL = "-Onone";
			};
			name = Debug;
		};
		DA9F4B0426BAD97600B42598 /* Release */ = {
			isa = XCBuildConfiguration;
			buildSettings = {
				ALWAYS_SEARCH_USER_PATHS = NO;
				CLANG_ANALYZER_NONNULL = YES;
				CLANG_ANALYZER_NUMBER_OBJECT_CONVERSION = YES_AGGRESSIVE;
				CLANG_CXX_LANGUAGE_STANDARD = "gnu++14";
				CLANG_CXX_LIBRARY = "libc++";
				CLANG_ENABLE_MODULES = YES;
				CLANG_ENABLE_OBJC_ARC = YES;
				CLANG_ENABLE_OBJC_WEAK = YES;
				CLANG_WARN_BLOCK_CAPTURE_AUTORELEASING = YES;
				CLANG_WARN_BOOL_CONVERSION = YES;
				CLANG_WARN_COMMA = YES;
				CLANG_WARN_CONSTANT_CONVERSION = YES;
				CLANG_WARN_DEPRECATED_OBJC_IMPLEMENTATIONS = YES;
				CLANG_WARN_DIRECT_OBJC_ISA_USAGE = YES_ERROR;
				CLANG_WARN_DOCUMENTATION_COMMENTS = YES;
				CLANG_WARN_EMPTY_BODY = YES;
				CLANG_WARN_ENUM_CONVERSION = YES;
				CLANG_WARN_INFINITE_RECURSION = YES;
				CLANG_WARN_INT_CONVERSION = YES;
				CLANG_WARN_NON_LITERAL_NULL_CONVERSION = YES;
				CLANG_WARN_OBJC_IMPLICIT_RETAIN_SELF = YES;
				CLANG_WARN_OBJC_LITERAL_CONVERSION = YES;
				CLANG_WARN_OBJC_ROOT_CLASS = YES_ERROR;
				CLANG_WARN_QUOTED_INCLUDE_IN_FRAMEWORK_HEADER = YES;
				CLANG_WARN_RANGE_LOOP_ANALYSIS = YES;
				CLANG_WARN_STRICT_PROTOTYPES = YES;
				CLANG_WARN_SUSPICIOUS_MOVE = YES;
				CLANG_WARN_UNGUARDED_AVAILABILITY = YES_AGGRESSIVE;
				CLANG_WARN_UNREACHABLE_CODE = YES;
				CLANG_WARN__DUPLICATE_METHOD_MATCH = YES;
				COPY_PHASE_STRIP = NO;
				DEBUG_INFORMATION_FORMAT = "dwarf-with-dsym";
				ENABLE_NS_ASSERTIONS = NO;
				ENABLE_STRICT_OBJC_MSGSEND = YES;
				GCC_C_LANGUAGE_STANDARD = gnu11;
				GCC_NO_COMMON_BLOCKS = YES;
				GCC_WARN_64_TO_32_BIT_CONVERSION = YES;
				GCC_WARN_ABOUT_RETURN_TYPE = YES_ERROR;
				GCC_WARN_UNDECLARED_SELECTOR = YES;
				GCC_WARN_UNINITIALIZED_AUTOS = YES_AGGRESSIVE;
				GCC_WARN_UNUSED_FUNCTION = YES;
				GCC_WARN_UNUSED_VARIABLE = YES;
				IPHONEOS_DEPLOYMENT_TARGET = 14.5;
				MTL_ENABLE_DEBUG_INFO = NO;
				MTL_FAST_MATH = YES;
				SDKROOT = iphoneos;
				SWIFT_COMPILATION_MODE = wholemodule;
				SWIFT_OPTIMIZATION_LEVEL = "-O";
				VALIDATE_PRODUCT = YES;
			};
			name = Release;
		};
		DA9F4B0626BAD97600B42598 /* Debug */ = {
			isa = XCBuildConfiguration;
			buildSettings = {
				ASSETCATALOG_COMPILER_APPICON_NAME = AppIcon;
				ASSETCATALOG_COMPILER_GLOBAL_ACCENT_COLOR_NAME = AccentColor;
				CODE_SIGN_STYLE = Automatic;
				DEVELOPMENT_TEAM = M3U22RZ325;
				INFOPLIST_FILE = Todeuy/Info.plist;
				LD_RUNPATH_SEARCH_PATHS = (
					"$(inherited)",
					"@executable_path/Frameworks",
				);
				PRODUCT_BUNDLE_IDENTIFIER = com.dev.Todeuy;
				PRODUCT_NAME = "$(TARGET_NAME)";
				SWIFT_VERSION = 5.0;
				TARGETED_DEVICE_FAMILY = "1,2";
			};
			name = Debug;
		};
		DA9F4B0726BAD97600B42598 /* Release */ = {
			isa = XCBuildConfiguration;
			buildSettings = {
				ASSETCATALOG_COMPILER_APPICON_NAME = AppIcon;
				ASSETCATALOG_COMPILER_GLOBAL_ACCENT_COLOR_NAME = AccentColor;
				CODE_SIGN_STYLE = Automatic;
				DEVELOPMENT_TEAM = M3U22RZ325;
				INFOPLIST_FILE = Todeuy/Info.plist;
				LD_RUNPATH_SEARCH_PATHS = (
					"$(inherited)",
					"@executable_path/Frameworks",
				);
				PRODUCT_BUNDLE_IDENTIFIER = com.dev.Todeuy;
				PRODUCT_NAME = "$(TARGET_NAME)";
				SWIFT_VERSION = 5.0;
				TARGETED_DEVICE_FAMILY = "1,2";
			};
			name = Release;
		};
/* End XCBuildConfiguration section */

/* Begin XCConfigurationList section */
		DA9F4AEC26BAD97500B42598 /* Build configuration list for PBXProject "Todeuy" */ = {
			isa = XCConfigurationList;
			buildConfigurations = (
				DA9F4B0326BAD97600B42598 /* Debug */,
				DA9F4B0426BAD97600B42598 /* Release */,
			);
			defaultConfigurationIsVisible = 0;
			defaultConfigurationName = Release;
		};
		DA9F4B0526BAD97600B42598 /* Build configuration list for PBXNativeTarget "Todeuy" */ = {
			isa = XCConfigurationList;
			buildConfigurations = (
				DA9F4B0626BAD97600B42598 /* Debug */,
				DA9F4B0726BAD97600B42598 /* Release */,
			);
			defaultConfigurationIsVisible = 0;
			defaultConfigurationName = Release;
		};
/* End XCConfigurationList section */

/* Begin XCVersionGroup section */
		DACB9B3E26C179E6005249D8 /* DataModel.xcdatamodeld */ = {
			isa = XCVersionGroup;
			children = (
				DACB9B3F26C179E6005249D8 /* DataModel.xcdatamodel */,
			);
			currentVersion = DACB9B3F26C179E6005249D8 /* DataModel.xcdatamodel */;
			path = DataModel.xcdatamodeld;
			sourceTree = "<group>";
			versionGroupType = wrapper.xcdatamodel;
		};
/* End XCVersionGroup section */
	};
	rootObject = DA9F4AE926BAD97500B42598 /* Project object */;
}
